
Microsoft Visual Studio Solution File, Format Version 12.00
# Visual Studio Version 17
VisualStudioVersion = 17.6.33815.320
MinimumVisualStudioVersion = 10.0.40219.1
Project("{FAE04EC0-301F-11D3-BF4B-00C04F79EFBC}") = "HW 13", "HW 13\HW 13.csproj", "{1650B50B-8915-4882-967A-0805640BDA3A}"
EndProject
Global
	GlobalSection(SolutionConfigurationPlatforms) = preSolution
		Debug|Any CPU = Debug|Any CPU
		Release|Any CPU = Release|Any CPU
	EndGlobalSection
	GlobalSection(ProjectConfigurationPlatforms) = postSolution
		{1650B50B-8915-4882-967A-0805640BDA3A}.Debug|Any CPU.ActiveCfg = Debug|Any CPU
		{1650B50B-8915-4882-967A-0805640BDA3A}.Debug|Any CPU.Build.0 = Debug|Any CPU
		{1650B50B-8915-4882-967A-0805640BDA3A}.Release|Any CPU.ActiveCfg = Release|Any CPU
		{1650B50B-8915-4882-967A-0805640BDA3A}.Release|Any CPU.Build.0 = Release|Any CPU
	EndGlobalSection
	GlobalSection(SolutionProperties) = preSolution
		HideSolutionNode = FALSE
	EndGlobalSection
	GlobalSection(ExtensibilityGlobals) = postSolution
		SolutionGuid = {7D68BDE2-C8AE-471C-8196-5CA380B61722}
	EndGlobalSection
EndGlobal
